
Microsoft Visual Studio Solution File, Format Version 12.00
# Visual Studio Version 17
VisualStudioVersion = 17.0.31903.59
MinimumVisualStudioVersion = 10.0.40219.1
Project("{2150E333-8FDC-42A3-9474-1A3956D46DE8}") = "src", "src", "{0B972A96-A4AA-405C-B3C1-7DA77E87602F}"
EndProject
Project("{FAE04EC0-301F-11D3-BF4B-00C04F79EFBC}") = "ISDesk", "src\ISDesk\ISDesk.csproj", "{6DA825E2-41DA-4660-A24E-A1E1D439763B}"
EndProject
Project("{2150E333-8FDC-42A3-9474-1A3956D46DE8}") = "tests", "tests", "{EDAE36B1-1382-42E2-9426-5C148CFD780E}"
EndProject
Project("{FAE04EC0-301F-11D3-BF4B-00C04F79EFBC}") = "ISDesk.Tests", "tests\ISDesk.Tests\ISDesk.Tests.csproj", "{F08AF164-CEAE-4DF1-9D0E-FEF12E5609FF}"
EndProject
Global
	GlobalSection(SolutionConfigurationPlatforms) = preSolution
		Debug|Any CPU = Debug|Any CPU
		Release|Any CPU = Release|Any CPU
	EndGlobalSection
	GlobalSection(SolutionProperties) = preSolution
		HideSolutionNode = FALSE
	EndGlobalSection
	GlobalSection(ProjectConfigurationPlatforms) = postSolution
		{6DA825E2-41DA-4660-A24E-A1E1D439763B}.Debug|Any CPU.ActiveCfg = Debug|Any CPU
		{6DA825E2-41DA-4660-A24E-A1E1D439763B}.Debug|Any CPU.Build.0 = Debug|Any CPU
		{6DA825E2-41DA-4660-A24E-A1E1D439763B}.Release|Any CPU.ActiveCfg = Release|Any CPU
		{6DA825E2-41DA-4660-A24E-A1E1D439763B}.Release|Any CPU.Build.0 = Release|Any CPU
		{F08AF164-CEAE-4DF1-9D0E-FEF12E5609FF}.Debug|Any CPU.ActiveCfg = Debug|Any CPU
		{F08AF164-CEAE-4DF1-9D0E-FEF12E5609FF}.Debug|Any CPU.Build.0 = Debug|Any CPU
		{F08AF164-CEAE-4DF1-9D0E-FEF12E5609FF}.Release|Any CPU.ActiveCfg = Release|Any CPU
		{F08AF164-CEAE-4DF1-9D0E-FEF12E5609FF}.Release|Any CPU.Build.0 = Release|Any CPU
	EndGlobalSection
	GlobalSection(NestedProjects) = preSolution
		{6DA825E2-41DA-4660-A24E-A1E1D439763B} = {0B972A96-A4AA-405C-B3C1-7DA77E87602F}
		{F08AF164-CEAE-4DF1-9D0E-FEF12E5609FF} = {EDAE36B1-1382-42E2-9426-5C148CFD780E}
	EndGlobalSection
EndGlobal
